
Microsoft Visual Studio Solution File, Format Version 12.00
# Visual Studio Version 17
VisualStudioVersion = 17.0.31903.59
MinimumVisualStudioVersion = 10.0.40219.1
Project("{FAE04EC0-301F-11D3-BF4B-00C04F79EFBC}") = "WebAPI", "WebAPI\WebAPI.csproj", "{B3F7366C-3C41-48CB-990C-8C9F027DB1DF}"
EndProject
Project("{FAE04EC0-301F-11D3-BF4B-00C04F79EFBC}") = "Domain", "Domain\Domain.csproj", "{3963256D-7EC6-4D24-8D6C-2DD251CC3385}"
EndProject
Global
	GlobalSection(SolutionConfigurationPlatforms) = preSolution
		Debug|Any CPU = Debug|Any CPU
		Release|Any CPU = Release|Any CPU
	EndGlobalSection
	GlobalSection(SolutionProperties) = preSolution
		HideSolutionNode = FALSE
	EndGlobalSection
	GlobalSection(ProjectConfigurationPlatforms) = postSolution
		{B3F7366C-3C41-48CB-990C-8C9F027DB1DF}.Debug|Any CPU.ActiveCfg = Debug|Any CPU
		{B3F7366C-3C41-48CB-990C-8C9F027DB1DF}.Debug|Any CPU.Build.0 = Debug|Any CPU
		{B3F7366C-3C41-48CB-990C-8C9F027DB1DF}.Release|Any CPU.ActiveCfg = Release|Any CPU
		{B3F7366C-3C41-48CB-990C-8C9F027DB1DF}.Release|Any CPU.Build.0 = Release|Any CPU
		{3963256D-7EC6-4D24-8D6C-2DD251CC3385}.Debug|Any CPU.ActiveCfg = Debug|Any CPU
		{3963256D-7EC6-4D24-8D6C-2DD251CC3385}.Debug|Any CPU.Build.0 = Debug|Any CPU
		{3963256D-7EC6-4D24-8D6C-2DD251CC3385}.Release|Any CPU.ActiveCfg = Release|Any CPU
		{3963256D-7EC6-4D24-8D6C-2DD251CC3385}.Release|Any CPU.Build.0 = Release|Any CPU
	EndGlobalSection
EndGlobal
